// !$*UTF8*$!
{
	archiveVersion = 1;
	classes = {
	};
	objectVersion = 56;
	objects = {

/* Begin PBXBuildFile section */
		B17B7DBE2ABDB3C100BEB714 /* CallKit_SwiftUIApp.swift in Sources */ = {isa = PBXBuildFile; fileRef = B17B7DBD2ABDB3C100BEB714 /* CallKit_SwiftUIApp.swift */; };
		B17B7DC02ABDB3C100BEB714 /* ContentView.swift in Sources */ = {isa = PBXBuildFile; fileRef = B17B7DBF2ABDB3C100BEB714 /* ContentView.swift */; };
		B17B7DC22ABDB3C200BEB714 /* Assets.xcassets in Resources */ = {isa = PBXBuildFile; fileRef = B17B7DC12ABDB3C200BEB714 /* Assets.xcassets */; };
		B17B7DC52ABDB3C200BEB714 /* Preview Assets.xcassets in Resources */ = {isa = PBXBuildFile; fileRef = B17B7DC42ABDB3C200BEB714 /* Preview Assets.xcassets */; };
		B17B7DCD2ABDB3E800BEB714 /* CallManager.swift in Sources */ = {isa = PBXBuildFile; fileRef = B17B7DCC2ABDB3E800BEB714 /* CallManager.swift */; };
		B17B7DCF2ABDB82A00BEB714 /* CallActions.swift in Sources */ = {isa = PBXBuildFile; fileRef = B17B7DCE2ABDB82A00BEB714 /* CallActions.swift */; };
		B17B7DD12ABDB97200BEB714 /* ProviderDelegate.swift in Sources */ = {isa = PBXBuildFile; fileRef = B17B7DD02ABDB97200BEB714 /* ProviderDelegate.swift */; };
		B17B7DD32ABDBDCD00BEB714 /* CXProviderConfiguration.swift in Sources */ = {isa = PBXBuildFile; fileRef = B17B7DD22ABDBDCD00BEB714 /* CXProviderConfiguration.swift */; };
		B17B7DD62ABDBE1C00BEB714 /* Bundle+DisplayName.swift in Sources */ = {isa = PBXBuildFile; fileRef = B17B7DD52ABDBE1C00BEB714 /* Bundle+DisplayName.swift */; };
		B17B7DD82ABDC1D900BEB714 /* CXProvider.swift in Sources */ = {isa = PBXBuildFile; fileRef = B17B7DD72ABDC1D900BEB714 /* CXProvider.swift */; };
		B17B7DDB2ABDC26600BEB714 /* CXCallUpdate.swift in Sources */ = {isa = PBXBuildFile; fileRef = B17B7DDA2ABDC26600BEB714 /* CXCallUpdate.swift */; };
		B17B7DDD2ABDC88600BEB714 /* AppDelegate.swift in Sources */ = {isa = PBXBuildFile; fileRef = B17B7DDC2ABDC88600BEB714 /* AppDelegate.swift */; };
		B17B7DDF2ABDC88F00BEB714 /* SceneDelegate.swift in Sources */ = {isa = PBXBuildFile; fileRef = B17B7DDE2ABDC88F00BEB714 /* SceneDelegate.swift */; };
		B17B7DE32ABDCFF000BEB714 /* DialView.swift in Sources */ = {isa = PBXBuildFile; fileRef = B17B7DE22ABDCFF000BEB714 /* DialView.swift */; };
		B17B7DE62ABDD17E00BEB714 /* Receiver.swift in Sources */ = {isa = PBXBuildFile; fileRef = B17B7DE52ABDD17E00BEB714 /* Receiver.swift */; };
		B17B7DE82ABDE6D400BEB714 /* IncomingInterfaceView.swift in Sources */ = {isa = PBXBuildFile; fileRef = B17B7DE72ABDE6D400BEB714 /* IncomingInterfaceView.swift */; };
		B17B7DEC2ABDE78200BEB714 /* ActiveCallView.swift in Sources */ = {isa = PBXBuildFile; fileRef = B17B7DEB2ABDE78200BEB714 /* ActiveCallView.swift */; };
		B17B7DEE2ABEDF6200BEB714 /* RoundedRectangle.swift in Sources */ = {isa = PBXBuildFile; fileRef = B17B7DED2ABEDF6200BEB714 /* RoundedRectangle.swift */; };
		B17B7DF02ABEDF7900BEB714 /* View+CornerRadius.swift in Sources */ = {isa = PBXBuildFile; fileRef = B17B7DEF2ABEDF7900BEB714 /* View+CornerRadius.swift */; };
/* End PBXBuildFile section */

/* Begin PBXFileReference section */
		B17B7DBA2ABDB3C100BEB714 /* CallKit-SwiftUI.app */ = {isa = PBXFileReference; explicitFileType = wrapper.application; includeInIndex = 0; path = "CallKit-SwiftUI.app"; sourceTree = BUILT_PRODUCTS_DIR; };
		B17B7DBD2ABDB3C100BEB714 /* CallKit_SwiftUIApp.swift */ = {isa = PBXFileReference; lastKnownFileType = sourcecode.swift; path = CallKit_SwiftUIApp.swift; sourceTree = "<group>"; };
		B17B7DBF2ABDB3C100BEB714 /* ContentView.swift */ = {isa = PBXFileReference; lastKnownFileType = sourcecode.swift; path = ContentView.swift; sourceTree = "<group>"; };
		B17B7DC12ABDB3C200BEB714 /* Assets.xcassets */ = {isa = PBXFileReference; lastKnownFileType = folder.assetcatalog; path = Assets.xcassets; sourceTree = "<group>"; };
		B17B7DC42ABDB3C200BEB714 /* Preview Assets.xcassets */ = {isa = PBXFileReference; lastKnownFileType = folder.assetcatalog; path = "Preview Assets.xcassets"; sourceTree = "<group>"; };
		B17B7DCC2ABDB3E800BEB714 /* CallManager.swift */ = {isa = PBXFileReference; lastKnownFileType = sourcecode.swift; path = CallManager.swift; sourceTree = "<group>"; };
		B17B7DCE2ABDB82A00BEB714 /* CallActions.swift */ = {isa = PBXFileReference; lastKnownFileType = sourcecode.swift; path = CallActions.swift; sourceTree = "<group>"; };
		B17B7DD02ABDB97200BEB714 /* ProviderDelegate.swift */ = {isa = PBXFileReference; lastKnownFileType = sourcecode.swift; path = ProviderDelegate.swift; sourceTree = "<group>"; };
		B17B7DD22ABDBDCD00BEB714 /* CXProviderConfiguration.swift */ = {isa = PBXFileReference; lastKnownFileType = sourcecode.swift; path = CXProviderConfiguration.swift; sourceTree = "<group>"; };
		B17B7DD52ABDBE1C00BEB714 /* Bundle+DisplayName.swift */ = {isa = PBXFileReference; lastKnownFileType = sourcecode.swift; path = "Bundle+DisplayName.swift"; sourceTree = "<group>"; };
		B17B7DD72ABDC1D900BEB714 /* CXProvider.swift */ = {isa = PBXFileReference; lastKnownFileType = sourcecode.swift; path = CXProvider.swift; sourceTree = "<group>"; };
		B17B7DDA2ABDC26600BEB714 /* CXCallUpdate.swift */ = {isa = PBXFileReference; lastKnownFileType = sourcecode.swift; path = CXCallUpdate.swift; sourceTree = "<group>"; };
		B17B7DDC2ABDC88600BEB714 /* AppDelegate.swift */ = {isa = PBXFileReference; lastKnownFileType = sourcecode.swift; path = AppDelegate.swift; sourceTree = "<group>"; };
		B17B7DDE2ABDC88F00BEB714 /* SceneDelegate.swift */ = {isa = PBXFileReference; lastKnownFileType = sourcecode.swift; path = SceneDelegate.swift; sourceTree = "<group>"; };
		B17B7DE22ABDCFF000BEB714 /* DialView.swift */ = {isa = PBXFileReference; lastKnownFileType = sourcecode.swift; path = DialView.swift; sourceTree = "<group>"; };
		B17B7DE52ABDD17E00BEB714 /* Receiver.swift */ = {isa = PBXFileReference; lastKnownFileType = sourcecode.swift; path = Receiver.swift; sourceTree = "<group>"; };
		B17B7DE72ABDE6D400BEB714 /* IncomingInterfaceView.swift */ = {isa = PBXFileReference; lastKnownFileType = sourcecode.swift; path = IncomingInterfaceView.swift; sourceTree = "<group>"; };
		B17B7DEB2ABDE78200BEB714 /* ActiveCallView.swift */ = {isa = PBXFileReference; lastKnownFileType = sourcecode.swift; path = ActiveCallView.swift; sourceTree = "<group>"; };
		B17B7DED2ABEDF6200BEB714 /* RoundedRectangle.swift */ = {isa = PBXFileReference; lastKnownFileType = sourcecode.swift; path = RoundedRectangle.swift; sourceTree = "<group>"; };
		B17B7DEF2ABEDF7900BEB714 /* View+CornerRadius.swift */ = {isa = PBXFileReference; lastKnownFileType = sourcecode.swift; path = "View+CornerRadius.swift"; sourceTree = "<group>"; };
		B17B7DF12ABEE62800BEB714 /* Info.plist */ = {isa = PBXFileReference; lastKnownFileType = text.plist; path = Info.plist; sourceTree = "<group>"; };
/* End PBXFileReference section */

/* Begin PBXFrameworksBuildPhase section */
		B17B7DB72ABDB3C100BEB714 /* Frameworks */ = {
			isa = PBXFrameworksBuildPhase;
			buildActionMask = 2147483647;
			files = (
			);
			runOnlyForDeploymentPostprocessing = 0;
		};
/* End PBXFrameworksBuildPhase section */

/* Begin PBXGroup section */
		B17B7DB12ABDB3C100BEB714 = {
			isa = PBXGroup;
			children = (
				B17B7DBC2ABDB3C100BEB714 /* CallKit-SwiftUI */,
				B17B7DBB2ABDB3C100BEB714 /* Products */,
			);
			sourceTree = "<group>";
		};
		B17B7DBB2ABDB3C100BEB714 /* Products */ = {
			isa = PBXGroup;
			children = (
				B17B7DBA2ABDB3C100BEB714 /* CallKit-SwiftUI.app */,
			);
			name = Products;
			sourceTree = "<group>";
		};
		B17B7DBC2ABDB3C100BEB714 /* CallKit-SwiftUI */ = {
			isa = PBXGroup;
			children = (
				B17B7DF12ABEE62800BEB714 /* Info.plist */,
				B17B7DE42ABDD16100BEB714 /* Model */,
				B17B7DE12ABDCFE100BEB714 /* Startup */,
				B17B7DE02ABDCFD600BEB714 /* Views */,
				B17B7DD42ABDBE0A00BEB714 /* Extensions */,
				B17B7DCB2ABDB3D400BEB714 /* CallKit */,
				B17B7DC12ABDB3C200BEB714 /* Assets.xcassets */,
				B17B7DC32ABDB3C200BEB714 /* Preview Content */,
			);
			path = "CallKit-SwiftUI";
			sourceTree = "<group>";
		};
		B17B7DC32ABDB3C200BEB714 /* Preview Content */ = {
			isa = PBXGroup;
			children = (
				B17B7DC42ABDB3C200BEB714 /* Preview Assets.xcassets */,
			);
			path = "Preview Content";
			sourceTree = "<group>";
		};
		B17B7DCB2ABDB3D400BEB714 /* CallKit */ = {
			isa = PBXGroup;
			children = (
				B17B7DD92ABDC25100BEB714 /* Extension */,
				B17B7DCC2ABDB3E800BEB714 /* CallManager.swift */,
				B17B7DCE2ABDB82A00BEB714 /* CallActions.swift */,
				B17B7DD02ABDB97200BEB714 /* ProviderDelegate.swift */,
			);
			path = CallKit;
			sourceTree = "<group>";
		};
		B17B7DD42ABDBE0A00BEB714 /* Extensions */ = {
			isa = PBXGroup;
			children = (
				B17B7DD52ABDBE1C00BEB714 /* Bundle+DisplayName.swift */,
				B17B7DEF2ABEDF7900BEB714 /* View+CornerRadius.swift */,
			);
			path = Extensions;
			sourceTree = "<group>";
		};
		B17B7DD92ABDC25100BEB714 /* Extension */ = {
			isa = PBXGroup;
			children = (
				B17B7DD22ABDBDCD00BEB714 /* CXProviderConfiguration.swift */,
				B17B7DD72ABDC1D900BEB714 /* CXProvider.swift */,
				B17B7DDA2ABDC26600BEB714 /* CXCallUpdate.swift */,
			);
			path = Extension;
			sourceTree = "<group>";
		};
		B17B7DE02ABDCFD600BEB714 /* Views */ = {
			isa = PBXGroup;
			children = (
				B17B7DBF2ABDB3C100BEB714 /* ContentView.swift */,
				B17B7DE22ABDCFF000BEB714 /* DialView.swift */,
				B17B7DE72ABDE6D400BEB714 /* IncomingInterfaceView.swift */,
				B17B7DEB2ABDE78200BEB714 /* ActiveCallView.swift */,
				B17B7DED2ABEDF6200BEB714 /* RoundedRectangle.swift */,
			);
			path = Views;
			sourceTree = "<group>";
		};
		B17B7DE12ABDCFE100BEB714 /* Startup */ = {
			isa = PBXGroup;
			children = (
				B17B7DBD2ABDB3C100BEB714 /* CallKit_SwiftUIApp.swift */,
				B17B7DDC2ABDC88600BEB714 /* AppDelegate.swift */,
				B17B7DDE2ABDC88F00BEB714 /* SceneDelegate.swift */,
			);
			path = Startup;
			sourceTree = "<group>";
		};
		B17B7DE42ABDD16100BEB714 /* Model */ = {
			isa = PBXGroup;
			children = (
				B17B7DE52ABDD17E00BEB714 /* Receiver.swift */,
			);
			path = Model;
			sourceTree = "<group>";
		};
/* End PBXGroup section */

/* Begin PBXNativeTarget section */
		B17B7DB92ABDB3C100BEB714 /* CallKit-SwiftUI */ = {
			isa = PBXNativeTarget;
			buildConfigurationList = B17B7DC82ABDB3C200BEB714 /* Build configuration list for PBXNativeTarget "CallKit-SwiftUI" */;
			buildPhases = (
				B17B7DB62ABDB3C100BEB714 /* Sources */,
				B17B7DB72ABDB3C100BEB714 /* Frameworks */,
				B17B7DB82ABDB3C100BEB714 /* Resources */,
			);
			buildRules = (
			);
			dependencies = (
			);
			name = "CallKit-SwiftUI";
			productName = "CallKit-SwiftUI";
			productReference = B17B7DBA2ABDB3C100BEB714 /* CallKit-SwiftUI.app */;
			productType = "com.apple.product-type.application";
		};
/* End PBXNativeTarget section */

/* Begin PBXProject section */
		B17B7DB22ABDB3C100BEB714 /* Project object */ = {
			isa = PBXProject;
			attributes = {
				BuildIndependentTargetsInParallel = 1;
				LastSwiftUpdateCheck = 1430;
				LastUpgradeCheck = 1430;
				TargetAttributes = {
					B17B7DB92ABDB3C100BEB714 = {
						CreatedOnToolsVersion = 14.3.1;
					};
				};
			};
			buildConfigurationList = B17B7DB52ABDB3C100BEB714 /* Build configuration list for PBXProject "CallKit-SwiftUI" */;
			compatibilityVersion = "Xcode 14.0";
			developmentRegion = en;
			hasScannedForEncodings = 0;
			knownRegions = (
				en,
				Base,
			);
			mainGroup = B17B7DB12ABDB3C100BEB714;
			productRefGroup = B17B7DBB2ABDB3C100BEB714 /* Products */;
			projectDirPath = "";
			projectRoot = "";
			targets = (
				B17B7DB92ABDB3C100BEB714 /* CallKit-SwiftUI */,
			);
		};
/* End PBXProject section */

/* Begin PBXResourcesBuildPhase section */
		B17B7DB82ABDB3C100BEB714 /* Resources */ = {
			isa = PBXResourcesBuildPhase;
			buildActionMask = 2147483647;
			files = (
				B17B7DC52ABDB3C200BEB714 /* Preview Assets.xcassets in Resources */,
				B17B7DC22ABDB3C200BEB714 /* Assets.xcassets in Resources */,
			);
			runOnlyForDeploymentPostprocessing = 0;
		};
/* End PBXResourcesBuildPhase section */

/* Begin PBXSourcesBuildPhase section */
		B17B7DB62ABDB3C100BEB714 /* Sources */ = {
			isa = PBXSourcesBuildPhase;
			buildActionMask = 2147483647;
			files = (
				B17B7DDB2ABDC26600BEB714 /* CXCallUpdate.swift in Sources */,
				B17B7DE32ABDCFF000BEB714 /* DialView.swift in Sources */,
				B17B7DCD2ABDB3E800BEB714 /* CallManager.swift in Sources */,
				B17B7DD82ABDC1D900BEB714 /* CXProvider.swift in Sources */,
				B17B7DF02ABEDF7900BEB714 /* View+CornerRadius.swift in Sources */,
				B17B7DCF2ABDB82A00BEB714 /* CallActions.swift in Sources */,
				B17B7DD32ABDBDCD00BEB714 /* CXProviderConfiguration.swift in Sources */,
				B17B7DEC2ABDE78200BEB714 /* ActiveCallView.swift in Sources */,
				B17B7DEE2ABEDF6200BEB714 /* RoundedRectangle.swift in Sources */,
				B17B7DD62ABDBE1C00BEB714 /* Bundle+DisplayName.swift in Sources */,
				B17B7DE62ABDD17E00BEB714 /* Receiver.swift in Sources */,
				B17B7DC02ABDB3C100BEB714 /* ContentView.swift in Sources */,
				B17B7DDF2ABDC88F00BEB714 /* SceneDelegate.swift in Sources */,
				B17B7DBE2ABDB3C100BEB714 /* CallKit_SwiftUIApp.swift in Sources */,
				B17B7DDD2ABDC88600BEB714 /* AppDelegate.swift in Sources */,
				B17B7DE82ABDE6D400BEB714 /* IncomingInterfaceView.swift in Sources */,
				B17B7DD12ABDB97200BEB714 /* ProviderDelegate.swift in Sources */,
			);
			runOnlyForDeploymentPostprocessing = 0;
		};
/* End PBXSourcesBuildPhase section */

/* Begin XCBuildConfiguration section */
		B17B7DC62ABDB3C200BEB714 /* Debug */ = {
			isa = XCBuildConfiguration;
			buildSettings = {
				ALWAYS_SEARCH_USER_PATHS = NO;
				CLANG_ANALYZER_NONNULL = YES;
				CLANG_ANALYZER_NUMBER_OBJECT_CONVERSION = YES_AGGRESSIVE;
				CLANG_CXX_LANGUAGE_STANDARD = "gnu++20";
				CLANG_ENABLE_MODULES = YES;
				CLANG_ENABLE_OBJC_ARC = YES;
				CLANG_ENABLE_OBJC_WEAK = YES;
				CLANG_WARN_BLOCK_CAPTURE_AUTORELEASING = YES;
				CLANG_WARN_BOOL_CONVERSION = YES;
				CLANG_WARN_COMMA = YES;
				CLANG_WARN_CONSTANT_CONVERSION = YES;
				CLANG_WARN_DEPRECATED_OBJC_IMPLEMENTATIONS = YES;
				CLANG_WARN_DIRECT_OBJC_ISA_USAGE = YES_ERROR;
				CLANG_WARN_DOCUMENTATION_COMMENTS = YES;
				CLANG_WARN_EMPTY_BODY = YES;
				CLANG_WARN_ENUM_CONVERSION = YES;
				CLANG_WARN_INFINITE_RECURSION = YES;
				CLANG_WARN_INT_CONVERSION = YES;
				CLANG_WARN_NON_LITERAL_NULL_CONVERSION = YES;
				CLANG_WARN_OBJC_IMPLICIT_RETAIN_SELF = YES;
				CLANG_WARN_OBJC_LITERAL_CONVERSION = YES;
				CLANG_WARN_OBJC_ROOT_CLASS = YES_ERROR;
				CLANG_WARN_QUOTED_INCLUDE_IN_FRAMEWORK_HEADER = YES;
				CLANG_WARN_RANGE_LOOP_ANALYSIS = YES;
				CLANG_WARN_STRICT_PROTOTYPES = YES;
				CLANG_WARN_SUSPICIOUS_MOVE = YES;
				CLANG_WARN_UNGUARDED_AVAILABILITY = YES_AGGRESSIVE;
				CLANG_WARN_UNREACHABLE_CODE = YES;
				CLANG_WARN__DUPLICATE_METHOD_MATCH = YES;
				COPY_PHASE_STRIP = NO;
				DEBUG_INFORMATION_FORMAT = dwarf;
				ENABLE_STRICT_OBJC_MSGSEND = YES;
				ENABLE_TESTABILITY = YES;
				GCC_C_LANGUAGE_STANDARD = gnu11;
				GCC_DYNAMIC_NO_PIC = NO;
				GCC_NO_COMMON_BLOCKS = YES;
				GCC_OPTIMIZATION_LEVEL = 0;
				GCC_PREPROCESSOR_DEFINITIONS = (
					"DEBUG=1",
					"$(inherited)",
				);
				GCC_WARN_64_TO_32_BIT_CONVERSION = YES;
				GCC_WARN_ABOUT_RETURN_TYPE = YES_ERROR;
				GCC_WARN_UNDECLARED_SELECTOR = YES;
				GCC_WARN_UNINITIALIZED_AUTOS = YES_AGGRESSIVE;
				GCC_WARN_UNUSED_FUNCTION = YES;
				GCC_WARN_UNUSED_VARIABLE = YES;
				IPHONEOS_DEPLOYMENT_TARGET = 16.4;
				MTL_ENABLE_DEBUG_INFO = INCLUDE_SOURCE;
				MTL_FAST_MATH = YES;
				ONLY_ACTIVE_ARCH = YES;
				SDKROOT = iphoneos;
				SWIFT_ACTIVE_COMPILATION_CONDITIONS = DEBUG;
				SWIFT_OPTIMIZATION_LEVEL = "-Onone";
			};
			name = Debug;
		};
		B17B7DC72ABDB3C200BEB714 /* Release */ = {
			isa = XCBuildConfiguration;
			buildSettings = {
				ALWAYS_SEARCH_USER_PATHS = NO;
				CLANG_ANALYZER_NONNULL = YES;
				CLANG_ANALYZER_NUMBER_OBJECT_CONVERSION = YES_AGGRESSIVE;
				CLANG_CXX_LANGUAGE_STANDARD = "gnu++20";
				CLANG_ENABLE_MODULES = YES;
				CLANG_ENABLE_OBJC_ARC = YES;
				CLANG_ENABLE_OBJC_WEAK = YES;
				CLANG_WARN_BLOCK_CAPTURE_AUTORELEASING = YES;
				CLANG_WARN_BOOL_CONVERSION = YES;
				CLANG_WARN_COMMA = YES;
				CLANG_WARN_CONSTANT_CONVERSION = YES;
				CLANG_WARN_DEPRECATED_OBJC_IMPLEMENTATIONS = YES;
				CLANG_WARN_DIRECT_OBJC_ISA_USAGE = YES_ERROR;
				CLANG_WARN_DOCUMENTATION_COMMENTS = YES;
				CLANG_WARN_EMPTY_BODY = YES;
				CLANG_WARN_ENUM_CONVERSION = YES;
				CLANG_WARN_INFINITE_RECURSION = YES;
				CLANG_WARN_INT_CONVERSION = YES;
				CLANG_WARN_NON_LITERAL_NULL_CONVERSION = YES;
				CLANG_WARN_OBJC_IMPLICIT_RETAIN_SELF = YES;
				CLANG_WARN_OBJC_LITERAL_CONVERSION = YES;
				CLANG_WARN_OBJC_ROOT_CLASS = YES_ERROR;
				CLANG_WARN_QUOTED_INCLUDE_IN_FRAMEWORK_HEADER = YES;
				CLANG_WARN_RANGE_LOOP_ANALYSIS = YES;
				CLANG_WARN_STRICT_PROTOTYPES = YES;
				CLANG_WARN_SUSPICIOUS_MOVE = YES;
				CLANG_WARN_UNGUARDED_AVAILABILITY = YES_AGGRESSIVE;
				CLANG_WARN_UNREACHABLE_CODE = YES;
				CLANG_WARN__DUPLICATE_METHOD_MATCH = YES;
				COPY_PHASE_STRIP = NO;
				DEBUG_INFORMATION_FORMAT = "dwarf-with-dsym";
				ENABLE_NS_ASSERTIONS = NO;
				ENABLE_STRICT_OBJC_MSGSEND = YES;
				GCC_C_LANGUAGE_STANDARD = gnu11;
				GCC_NO_COMMON_BLOCKS = YES;
				GCC_WARN_64_TO_32_BIT_CONVERSION = YES;
				GCC_WARN_ABOUT_RETURN_TYPE = YES_ERROR;
				GCC_WARN_UNDECLARED_SELECTOR = YES;
				GCC_WARN_UNINITIALIZED_AUTOS = YES_AGGRESSIVE;
				GCC_WARN_UNUSED_FUNCTION = YES;
				GCC_WARN_UNUSED_VARIABLE = YES;
				IPHONEOS_DEPLOYMENT_TARGET = 16.4;
				MTL_ENABLE_DEBUG_INFO = NO;
				MTL_FAST_MATH = YES;
				SDKROOT = iphoneos;
				SWIFT_COMPILATION_MODE = wholemodule;
				SWIFT_OPTIMIZATION_LEVEL = "-O";
				VALIDATE_PRODUCT = YES;
			};
			name = Release;
		};
		B17B7DC92ABDB3C200BEB714 /* Debug */ = {
			isa = XCBuildConfiguration;
			buildSettings = {
				ASSETCATALOG_COMPILER_APPICON_NAME = AppIcon;
				ASSETCATALOG_COMPILER_GLOBAL_ACCENT_COLOR_NAME = AccentColor;
				CODE_SIGN_STYLE = Automatic;
				CURRENT_PROJECT_VERSION = 1;
				DEVELOPMENT_ASSET_PATHS = "\"CallKit-SwiftUI/Preview Content\"";
				DEVELOPMENT_TEAM = 83VY89W334;
				ENABLE_PREVIEWS = YES;
				GENERATE_INFOPLIST_FILE = YES;
				INFOPLIST_FILE = "CallKit-SwiftUI/Info.plist";
				INFOPLIST_KEY_CFBundleDisplayName = "Call-Call";
				INFOPLIST_KEY_UIApplicationSceneManifest_Generation = YES;
				INFOPLIST_KEY_UIApplicationSupportsIndirectInputEvents = YES;
				INFOPLIST_KEY_UILaunchScreen_Generation = YES;
				INFOPLIST_KEY_UISupportedInterfaceOrientations = UIInterfaceOrientationPortrait;
				INFOPLIST_KEY_UISupportedInterfaceOrientations_iPad = "UIInterfaceOrientationLandscapeLeft UIInterfaceOrientationLandscapeRight UIInterfaceOrientationPortrait UIInterfaceOrientationPortraitUpsideDown";
				IPHONEOS_DEPLOYMENT_TARGET = 16.0;
				LD_RUNPATH_SEARCH_PATHS = (
					"$(inherited)",
					"@executable_path/Frameworks",
				);
				MARKETING_VERSION = 1.0;
				PRODUCT_BUNDLE_IDENTIFIER = "com.zrada.CallKit-SwiftUI";
				PRODUCT_NAME = "$(TARGET_NAME)";
				SWIFT_EMIT_LOC_STRINGS = YES;
				SWIFT_VERSION = 5.0;
				TARGETED_DEVICE_FAMILY = "1,2";
			};
			name = Debug;
		};
		B17B7DCA2ABDB3C200BEB714 /* Release */ = {
			isa = XCBuildConfiguration;
			buildSettings = {
				ASSETCATALOG_COMPILER_APPICON_NAME = AppIcon;
				ASSETCATALOG_COMPILER_GLOBAL_ACCENT_COLOR_NAME = AccentColor;
				CODE_SIGN_STYLE = Automatic;
				CURRENT_PROJECT_VERSION = 1;
				DEVELOPMENT_ASSET_PATHS = "\"CallKit-SwiftUI/Preview Content\"";
				DEVELOPMENT_TEAM = 25WYRVH429;
				ENABLE_PREVIEWS = YES;
				GENERATE_INFOPLIST_FILE = YES;
				INFOPLIST_FILE = "CallKit-SwiftUI/Info.plist";
				INFOPLIST_KEY_CFBundleDisplayName = "Call-Call";
				INFOPLIST_KEY_UIApplicationSceneManifest_Generation = YES;
				INFOPLIST_KEY_UIApplicationSupportsIndirectInputEvents = YES;
				INFOPLIST_KEY_UILaunchScreen_Generation = YES;
				INFOPLIST_KEY_UISupportedInterfaceOrientations = UIInterfaceOrientationPortrait;
				INFOPLIST_KEY_UISupportedInterfaceOrientations_iPad = "UIInterfaceOrientationLandscapeLeft UIInterfaceOrientationLandscapeRight UIInterfaceOrientationPortrait UIInterfaceOrientationPortraitUpsideDown";
				IPHONEOS_DEPLOYMENT_TARGET = 16.0;
				LD_RUNPATH_SEARCH_PATHS = (
					"$(inherited)",
					"@executable_path/Frameworks",
				);
				MARKETING_VERSION = 1.0;
				PRODUCT_BUNDLE_IDENTIFIER = "com.zrada.CallKit-SwiftUI";
				PRODUCT_NAME = "$(TARGET_NAME)";
				SWIFT_EMIT_LOC_STRINGS = YES;
				SWIFT_VERSION = 5.0;
				TARGETED_DEVICE_FAMILY = "1,2";
			};
			name = Release;
		};
/* End XCBuildConfiguration section */

/* Begin XCConfigurationList section */
		B17B7DB52ABDB3C100BEB714 /* Build configuration list for PBXProject "CallKit-SwiftUI" */ = {
			isa = XCConfigurationList;
			buildConfigurations = (
				B17B7DC62ABDB3C200BEB714 /* Debug */,
				B17B7DC72ABDB3C200BEB714 /* Release */,
			);
			defaultConfigurationIsVisible = 0;
			defaultConfigurationName = Release;
		};
		B17B7DC82ABDB3C200BEB714 /* Build configuration list for PBXNativeTarget "CallKit-SwiftUI" */ = {
			isa = XCConfigurationList;
			buildConfigurations = (
				B17B7DC92ABDB3C200BEB714 /* Debug */,
				B17B7DCA2ABDB3C200BEB714 /* Release */,
			);
			defaultConfigurationIsVisible = 0;
			defaultConfigurationName = Release;
		};
/* End XCConfigurationList section */
	};
	rootObject = B17B7DB22ABDB3C100BEB714 /* Project object */;
}
